
Microsoft Visual Studio Solution File, Format Version 12.00
# Visual Studio Version 17
VisualStudioVersion = 17.5.33516.290
MinimumVisualStudioVersion = 10.0.40219.1
Project("{FAE04EC0-301F-11D3-BF4B-00C04F79EFBC}") = "Банковская система", "Банковская система.csproj", "{BE43BEC8-46E1-4FB6-BC6A-69FE0329BCBE}"
EndProject
Global
	GlobalSection(SolutionConfigurationPlatforms) = preSolution
		Debug|Any CPU = Debug|Any CPU
		Release|Any CPU = Release|Any CPU
	EndGlobalSection
	GlobalSection(ProjectConfigurationPlatforms) = postSolution
		{BE43BEC8-46E1-4FB6-BC6A-69FE0329BCBE}.Debug|Any CPU.ActiveCfg = Debug|Any CPU
		{BE43BEC8-46E1-4FB6-BC6A-69FE0329BCBE}.Debug|Any CPU.Build.0 = Debug|Any CPU
		{BE43BEC8-46E1-4FB6-BC6A-69FE0329BCBE}.Release|Any CPU.ActiveCfg = Release|Any CPU
		{BE43BEC8-46E1-4FB6-BC6A-69FE0329BCBE}.Release|Any CPU.Build.0 = Release|Any CPU
	EndGlobalSection
	GlobalSection(SolutionProperties) = preSolution
		HideSolutionNode = FALSE
	EndGlobalSection
	GlobalSection(ExtensibilityGlobals) = postSolution
		SolutionGuid = {E79790C5-814A-466E-8C5C-8F842A9CE6E9}
	EndGlobalSection
EndGlobal
